{
  "lib/aave-v3-origin": {
    "rev": "5c2eb37f39959dd491ba97fdc2af94bb4ee88f41"
  },
  "lib/agent-wallet-core": {
    "rev": "4bbe4285763d8b5b753d8f1d8f3d962d55f6e8bf"
  },
  "lib/forge-std": {
    "tag": {
      "name": "v1.7.6",
      "rev": "ae570fec082bfe1c1f45b0acca4a2b4f84d345ce"
    }
  },
  "lib/openzeppelin-contracts": {
    "tag": {
      "name": "v5.5.0",
      "rev": "fcbae5394ae8ad52d8e580a3477db99814b9d565"
    }
  }
}